
Microsoft Visual Studio Solution File, Format Version 12.00
# Visual Studio Version 17
VisualStudioVersion = 17.7.34202.233
MinimumVisualStudioVersion = 10.0.40219.1
Project("{FAE04EC0-301F-11D3-BF4B-00C04F79EFBC}") = "1-4", "1-4.csproj", "{CFE00402-ECAE-4B91-91EC-9E691EFA7D5B}"
EndProject
Global
	GlobalSection(SolutionConfigurationPlatforms) = preSolution
		Debug|Any CPU = Debug|Any CPU
		Release|Any CPU = Release|Any CPU
	EndGlobalSection
	GlobalSection(ProjectConfigurationPlatforms) = postSolution
		{CFE00402-ECAE-4B91-91EC-9E691EFA7D5B}.Debug|Any CPU.ActiveCfg = Debug|Any CPU
		{CFE00402-ECAE-4B91-91EC-9E691EFA7D5B}.Debug|Any CPU.Build.0 = Debug|Any CPU
		{CFE00402-ECAE-4B91-91EC-9E691EFA7D5B}.Release|Any CPU.ActiveCfg = Release|Any CPU
		{CFE00402-ECAE-4B91-91EC-9E691EFA7D5B}.Release|Any CPU.Build.0 = Release|Any CPU
	EndGlobalSection
	GlobalSection(SolutionProperties) = preSolution
		HideSolutionNode = FALSE
	EndGlobalSection
	GlobalSection(ExtensibilityGlobals) = postSolution
		SolutionGuid = {4EF07ECB-84C3-433D-8EAC-B42445B75872}
	EndGlobalSection
EndGlobal
